
Microsoft Visual Studio Solution File, Format Version 12.00
# Visual Studio Express 2013 for Windows Desktop
VisualStudioVersion = 12.0.31101.0
MinimumVisualStudioVersion = 10.0.40219.1
Project("{8BC9CEB8-8B4A-11D0-8D11-00A0C91BC942}") = "ex1_simple", "ex1_simple\ex1_simple.vcxproj", "{4CC527D4-8DD2-465C-B7DB-D2F46FC6512A}"
EndProject
Project("{8BC9CEB8-8B4A-11D0-8D11-00A0C91BC942}") = "ex0_base", "ex0_base\ex0_base.vcxproj", "{66A11302-D8A8-4FD3-9493-13BDD52EFA1C}"
EndProject
Project("{8BC9CEB8-8B4A-11D0-8D11-00A0C91BC942}") = "ex2_window", "ex2_window\ex2_window.vcxproj", "{1175432D-803B-462A-BC95-C637E7CB3F1B}"
EndProject
Project("{8BC9CEB8-8B4A-11D0-8D11-00A0C91BC942}") = "ex3_triangle", "ex3_triangle\ex3_triangle.vcxproj", "{63E9D0F3-24F8-4681-966E-5B81EEC6E903}"
EndProject
Project("{8BC9CEB8-8B4A-11D0-8D11-00A0C91BC942}") = "ex4_texture", "ex4_texture\ex4_texture.vcxproj", "{4CCB4331-C055-4B74-8842-834BC8D09B5D}"
EndProject
Project("{8BC9CEB8-8B4A-11D0-8D11-00A0C91BC942}") = "ex5_direct2d", "ex5_direct2d\ex5_direct2d.vcxproj", "{FD1551E2-44D9-4F4C-AE88-12ADEB86D05E}"
EndProject
Global
	GlobalSection(SolutionConfigurationPlatforms) = preSolution
		Debug|Win32 = Debug|Win32
		Release|Win32 = Release|Win32
	EndGlobalSection
	GlobalSection(ProjectConfigurationPlatforms) = postSolution
		{4CC527D4-8DD2-465C-B7DB-D2F46FC6512A}.Debug|Win32.ActiveCfg = Debug|Win32
		{4CC527D4-8DD2-465C-B7DB-D2F46FC6512A}.Debug|Win32.Build.0 = Debug|Win32
		{4CC527D4-8DD2-465C-B7DB-D2F46FC6512A}.Release|Win32.ActiveCfg = Release|Win32
		{4CC527D4-8DD2-465C-B7DB-D2F46FC6512A}.Release|Win32.Build.0 = Release|Win32
		{66A11302-D8A8-4FD3-9493-13BDD52EFA1C}.Debug|Win32.ActiveCfg = Debug|Win32
		{66A11302-D8A8-4FD3-9493-13BDD52EFA1C}.Debug|Win32.Build.0 = Debug|Win32
		{66A11302-D8A8-4FD3-9493-13BDD52EFA1C}.Release|Win32.ActiveCfg = Release|Win32
		{66A11302-D8A8-4FD3-9493-13BDD52EFA1C}.Release|Win32.Build.0 = Release|Win32
		{1175432D-803B-462A-BC95-C637E7CB3F1B}.Debug|Win32.ActiveCfg = Debug|Win32
		{1175432D-803B-462A-BC95-C637E7CB3F1B}.Debug|Win32.Build.0 = Debug|Win32
		{1175432D-803B-462A-BC95-C637E7CB3F1B}.Release|Win32.ActiveCfg = Release|Win32
		{1175432D-803B-462A-BC95-C637E7CB3F1B}.Release|Win32.Build.0 = Release|Win32
		{63E9D0F3-24F8-4681-966E-5B81EEC6E903}.Debug|Win32.ActiveCfg = Debug|Win32
		{63E9D0F3-24F8-4681-966E-5B81EEC6E903}.Debug|Win32.Build.0 = Debug|Win32
		{63E9D0F3-24F8-4681-966E-5B81EEC6E903}.Release|Win32.ActiveCfg = Release|Win32
		{63E9D0F3-24F8-4681-966E-5B81EEC6E903}.Release|Win32.Build.0 = Release|Win32
		{4CCB4331-C055-4B74-8842-834BC8D09B5D}.Debug|Win32.ActiveCfg = Debug|Win32
		{4CCB4331-C055-4B74-8842-834BC8D09B5D}.Debug|Win32.Build.0 = Debug|Win32
		{4CCB4331-C055-4B74-8842-834BC8D09B5D}.Release|Win32.ActiveCfg = Release|Win32
		{4CCB4331-C055-4B74-8842-834BC8D09B5D}.Release|Win32.Build.0 = Release|Win32
		{FD1551E2-44D9-4F4C-AE88-12ADEB86D05E}.Debug|Win32.ActiveCfg = Debug|Win32
		{FD1551E2-44D9-4F4C-AE88-12ADEB86D05E}.Debug|Win32.Build.0 = Debug|Win32
		{FD1551E2-44D9-4F4C-AE88-12ADEB86D05E}.Release|Win32.ActiveCfg = Release|Win32
		{FD1551E2-44D9-4F4C-AE88-12ADEB86D05E}.Release|Win32.Build.0 = Release|Win32
	EndGlobalSection
	GlobalSection(SolutionProperties) = preSolution
		HideSolutionNode = FALSE
	EndGlobalSection
EndGlobal
